// !$*UTF8*$!
{
	archiveVersion = 1;
	classes = {
	};
	objectVersion = 55;
	objects = {

/* Begin PBXBuildFile section */
		87ED7DE926FD5AD70058CAE0 /* AppDelegate.m in Sources */ = {isa = PBXBuildFile; fileRef = 87ED7DE826FD5AD70058CAE0 /* AppDelegate.m */; };
		87ED7DEC26FD5AD70058CAE0 /* SceneDelegate.m in Sources */ = {isa = PBXBuildFile; fileRef = 87ED7DEB26FD5AD70058CAE0 /* SceneDelegate.m */; };
		87ED7DEF26FD5AD70058CAE0 /* ViewController.m in Sources */ = {isa = PBXBuildFile; fileRef = 87ED7DEE26FD5AD70058CAE0 /* ViewController.m */; };
		87ED7DF226FD5AD70058CAE0 /* Main.storyboard in Resources */ = {isa = PBXBuildFile; fileRef = 87ED7DF026FD5AD70058CAE0 /* Main.storyboard */; };
		87ED7DF426FD5AD80058CAE0 /* Assets.xcassets in Resources */ = {isa = PBXBuildFile; fileRef = 87ED7DF326FD5AD80058CAE0 /* Assets.xcassets */; };
		87ED7DF726FD5AD80058CAE0 /* LaunchScreen.storyboard in Resources */ = {isa = PBXBuildFile; fileRef = 87ED7DF526FD5AD80058CAE0 /* LaunchScreen.storyboard */; };
		87ED7E0426FD5AD80058CAE0 /* FlixTests.m in Sources */ = {isa = PBXBuildFile; fileRef = 87ED7E0326FD5AD80058CAE0 /* FlixTests.m */; };
		87ED7E0E26FD5AD80058CAE0 /* FlixUITests.m in Sources */ = {isa = PBXBuildFile; fileRef = 87ED7E0D26FD5AD80058CAE0 /* FlixUITests.m */; };
		87ED7E1026FD5AD80058CAE0 /* FlixUITestsLaunchTests.m in Sources */ = {isa = PBXBuildFile; fileRef = 87ED7E0F26FD5AD80058CAE0 /* FlixUITestsLaunchTests.m */; };
		87ED7E1D26FD5D000058CAE0 /* main.m in Sources */ = {isa = PBXBuildFile; fileRef = 87ED7DF926FD5AD80058CAE0 /* main.m */; };
		87ED7E2226FD5F9B0058CAE0 /* MoviesViewController.swift in Sources */ = {isa = PBXBuildFile; fileRef = 87ED7E2126FD5F9B0058CAE0 /* MoviesViewController.swift */; };
		87ED7E2726FD726D0058CAE0 /* MovieCell.swift in Sources */ = {isa = PBXBuildFile; fileRef = 87ED7E2626FD726D0058CAE0 /* MovieCell.swift */; };
		87ED7E2A26FD77F60058CAE0 /* AlamofireImage in Frameworks */ = {isa = PBXBuildFile; productRef = 87ED7E2926FD77F60058CAE0 /* AlamofireImage */; };
		A0CA92F44630C40E78CC2D48 /* Pods_Flix_FlixUITests.framework in Frameworks */ = {isa = PBXBuildFile; fileRef = C3FD8605938E25FF88B78FC1 /* Pods_Flix_FlixUITests.framework */; };
		B02E9A2E4019183E439E6D4F /* Pods_FlixTests.framework in Frameworks */ = {isa = PBXBuildFile; fileRef = 981A761F601462DC8EDCC6C8 /* Pods_FlixTests.framework */; };
		D749D6338A174CEB916E5F40 /* Pods_Flix.framework in Frameworks */ = {isa = PBXBuildFile; fileRef = 21C8A5076E05F58E90A7758A /* Pods_Flix.framework */; };
/* End PBXBuildFile section */

/* Begin PBXContainerItemProxy section */
		87ED7E0026FD5AD80058CAE0 /* PBXContainerItemProxy */ = {
			isa = PBXContainerItemProxy;
			containerPortal = 87ED7DDC26FD5AD70058CAE0 /* Project object */;
			proxyType = 1;
			remoteGlobalIDString = 87ED7DE326FD5AD70058CAE0;
			remoteInfo = Flix;
		};
		87ED7E0A26FD5AD80058CAE0 /* PBXContainerItemProxy */ = {
			isa = PBXContainerItemProxy;
			containerPortal = 87ED7DDC26FD5AD70058CAE0 /* Project object */;
			proxyType = 1;
			remoteGlobalIDString = 87ED7DE326FD5AD70058CAE0;
			remoteInfo = Flix;
		};
/* End PBXContainerItemProxy section */

/* Begin PBXFileReference section */
		21C8A5076E05F58E90A7758A /* Pods_Flix.framework */ = {isa = PBXFileReference; explicitFileType = wrapper.framework; includeInIndex = 0; path = Pods_Flix.framework; sourceTree = BUILT_PRODUCTS_DIR; };
		2E9E88E7C0123DC05F07F445 /* Pods-Flix.release.xcconfig */ = {isa = PBXFileReference; includeInIndex = 1; lastKnownFileType = text.xcconfig; name = "Pods-Flix.release.xcconfig"; path = "Target Support Files/Pods-Flix/Pods-Flix.release.xcconfig"; sourceTree = "<group>"; };
		87ED7DE426FD5AD70058CAE0 /* Flix.app */ = {isa = PBXFileReference; explicitFileType = wrapper.application; includeInIndex = 0; path = Flix.app; sourceTree = BUILT_PRODUCTS_DIR; };
		87ED7DE726FD5AD70058CAE0 /* AppDelegate.h */ = {isa = PBXFileReference; lastKnownFileType = sourcecode.c.h; path = AppDelegate.h; sourceTree = "<group>"; };
		87ED7DE826FD5AD70058CAE0 /* AppDelegate.m */ = {isa = PBXFileReference; lastKnownFileType = sourcecode.c.objc; path = AppDelegate.m; sourceTree = "<group>"; };
		87ED7DEA26FD5AD70058CAE0 /* SceneDelegate.h */ = {isa = PBXFileReference; lastKnownFileType = sourcecode.c.h; path = SceneDelegate.h; sourceTree = "<group>"; };
		87ED7DEB26FD5AD70058CAE0 /* SceneDelegate.m */ = {isa = PBXFileReference; lastKnownFileType = sourcecode.c.objc; path = SceneDelegate.m; sourceTree = "<group>"; };
		87ED7DED26FD5AD70058CAE0 /* ViewController.h */ = {isa = PBXFileReference; lastKnownFileType = sourcecode.c.h; path = ViewController.h; sourceTree = "<group>"; };
		87ED7DEE26FD5AD70058CAE0 /* ViewController.m */ = {isa = PBXFileReference; lastKnownFileType = sourcecode.c.objc; path = ViewController.m; sourceTree = "<group>"; };
		87ED7DF126FD5AD70058CAE0 /* Base */ = {isa = PBXFileReference; lastKnownFileType = file.storyboard; name = Base; path = Base.lproj/Main.storyboard; sourceTree = "<group>"; };
		87ED7DF326FD5AD80058CAE0 /* Assets.xcassets */ = {isa = PBXFileReference; lastKnownFileType = folder.assetcatalog; path = Assets.xcassets; sourceTree = "<group>"; };
		87ED7DF626FD5AD80058CAE0 /* Base */ = {isa = PBXFileReference; lastKnownFileType = file.storyboard; name = Base; path = Base.lproj/LaunchScreen.storyboard; sourceTree = "<group>"; };
		87ED7DF826FD5AD80058CAE0 /* Info.plist */ = {isa = PBXFileReference; lastKnownFileType = text.plist.xml; path = Info.plist; sourceTree = "<group>"; };
		87ED7DF926FD5AD80058CAE0 /* main.m */ = {isa = PBXFileReference; lastKnownFileType = sourcecode.c.objc; path = main.m; sourceTree = "<group>"; };
		87ED7DFF26FD5AD80058CAE0 /* FlixTests.xctest */ = {isa = PBXFileReference; explicitFileType = wrapper.cfbundle; includeInIndex = 0; path = FlixTests.xctest; sourceTree = BUILT_PRODUCTS_DIR; };
		87ED7E0326FD5AD80058CAE0 /* FlixTests.m */ = {isa = PBXFileReference; lastKnownFileType = sourcecode.c.objc; path = FlixTests.m; sourceTree = "<group>"; };
		87ED7E0926FD5AD80058CAE0 /* FlixUITests.xctest */ = {isa = PBXFileReference; explicitFileType = wrapper.cfbundle; includeInIndex = 0; path = FlixUITests.xctest; sourceTree = BUILT_PRODUCTS_DIR; };
		87ED7E0D26FD5AD80058CAE0 /* FlixUITests.m */ = {isa = PBXFileReference; lastKnownFileType = sourcecode.c.objc; path = FlixUITests.m; sourceTree = "<group>"; };
		87ED7E0F26FD5AD80058CAE0 /* FlixUITestsLaunchTests.m */ = {isa = PBXFileReference; lastKnownFileType = sourcecode.c.objc; path = FlixUITestsLaunchTests.m; sourceTree = "<group>"; };
		87ED7E1E26FD5F350058CAE0 /* Flix-Bridging-Header.h */ = {isa = PBXFileReference; lastKnownFileType = sourcecode.c.h; path = "Flix-Bridging-Header.h"; sourceTree = "<group>"; };
		87ED7E2126FD5F9B0058CAE0 /* MoviesViewController.swift */ = {isa = PBXFileReference; fileEncoding = 4; lastKnownFileType = sourcecode.swift; path = MoviesViewController.swift; sourceTree = "<group>"; };
		87ED7E2626FD726D0058CAE0 /* MovieCell.swift */ = {isa = PBXFileReference; lastKnownFileType = sourcecode.swift; path = MovieCell.swift; sourceTree = "<group>"; };
		981A761F601462DC8EDCC6C8 /* Pods_FlixTests.framework */ = {isa = PBXFileReference; explicitFileType = wrapper.framework; includeInIndex = 0; path = Pods_FlixTests.framework; sourceTree = BUILT_PRODUCTS_DIR; };
		A06AACC66A16107D4A516C29 /* Pods-Flix-FlixUITests.debug.xcconfig */ = {isa = PBXFileReference; includeInIndex = 1; lastKnownFileType = text.xcconfig; name = "Pods-Flix-FlixUITests.debug.xcconfig"; path = "Target Support Files/Pods-Flix-FlixUITests/Pods-Flix-FlixUITests.debug.xcconfig"; sourceTree = "<group>"; };
		C04F44EF46528A0C2CD90B76 /* Pods-FlixTests.debug.xcconfig */ = {isa = PBXFileReference; includeInIndex = 1; lastKnownFileType = text.xcconfig; name = "Pods-FlixTests.debug.xcconfig"; path = "Target Support Files/Pods-FlixTests/Pods-FlixTests.debug.xcconfig"; sourceTree = "<group>"; };
		C3FD8605938E25FF88B78FC1 /* Pods_Flix_FlixUITests.framework */ = {isa = PBXFileReference; explicitFileType = wrapper.framework; includeInIndex = 0; path = Pods_Flix_FlixUITests.framework; sourceTree = BUILT_PRODUCTS_DIR; };
		E136DD4F753DBCD1414D3B11 /* Pods-Flix-FlixUITests.release.xcconfig */ = {isa = PBXFileReference; includeInIndex = 1; lastKnownFileType = text.xcconfig; name = "Pods-Flix-FlixUITests.release.xcconfig"; path = "Target Support Files/Pods-Flix-FlixUITests/Pods-Flix-FlixUITests.release.xcconfig"; sourceTree = "<group>"; };
		E21CD21873F51EA605ACE6F4 /* Pods-FlixTests.release.xcconfig */ = {isa = PBXFileReference; includeInIndex = 1; lastKnownFileType = text.xcconfig; name = "Pods-FlixTests.release.xcconfig"; path = "Target Support Files/Pods-FlixTests/Pods-FlixTests.release.xcconfig"; sourceTree = "<group>"; };
		E75A5D2E8FB71C665D25DDD1 /* Pods-Flix.debug.xcconfig */ = {isa = PBXFileReference; includeInIndex = 1; lastKnownFileType = text.xcconfig; name = "Pods-Flix.debug.xcconfig"; path = "Target Support Files/Pods-Flix/Pods-Flix.debug.xcconfig"; sourceTree = "<group>"; };
/* End PBXFileReference section */

/* Begin PBXFrameworksBuildPhase section */
		87ED7DE126FD5AD70058CAE0 /* Frameworks */ = {
			isa = PBXFrameworksBuildPhase;
			buildActionMask = 2147483647;
			files = (
				87ED7E2A26FD77F60058CAE0 /* AlamofireImage in Frameworks */,
				D749D6338A174CEB916E5F40 /* Pods_Flix.framework in Frameworks */,
			);
			runOnlyForDeploymentPostprocessing = 0;
		};
		87ED7DFC26FD5AD80058CAE0 /* Frameworks */ = {
			isa = PBXFrameworksBuildPhase;
			buildActionMask = 2147483647;
			files = (
				B02E9A2E4019183E439E6D4F /* Pods_FlixTests.framework in Frameworks */,
			);
			runOnlyForDeploymentPostprocessing = 0;
		};
		87ED7E0626FD5AD80058CAE0 /* Frameworks */ = {
			isa = PBXFrameworksBuildPhase;
			buildActionMask = 2147483647;
			files = (
				A0CA92F44630C40E78CC2D48 /* Pods_Flix_FlixUITests.framework in Frameworks */,
			);
			runOnlyForDeploymentPostprocessing = 0;
		};
/* End PBXFrameworksBuildPhase section */

/* Begin PBXGroup section */
		64E724F493CF58F2B8B9D1D6 /* Pods */ = {
			isa = PBXGroup;
			children = (
				E75A5D2E8FB71C665D25DDD1 /* Pods-Flix.debug.xcconfig */,
				2E9E88E7C0123DC05F07F445 /* Pods-Flix.release.xcconfig */,
				A06AACC66A16107D4A516C29 /* Pods-Flix-FlixUITests.debug.xcconfig */,
				E136DD4F753DBCD1414D3B11 /* Pods-Flix-FlixUITests.release.xcconfig */,
				C04F44EF46528A0C2CD90B76 /* Pods-FlixTests.debug.xcconfig */,
				E21CD21873F51EA605ACE6F4 /* Pods-FlixTests.release.xcconfig */,
			);
			name = Pods;
			path = Pods;
			sourceTree = "<group>";
		};
		787697E5BD48EEE2F63D0C9E /* Frameworks */ = {
			isa = PBXGroup;
			children = (
				21C8A5076E05F58E90A7758A /* Pods_Flix.framework */,
				C3FD8605938E25FF88B78FC1 /* Pods_Flix_FlixUITests.framework */,
				981A761F601462DC8EDCC6C8 /* Pods_FlixTests.framework */,
			);
			name = Frameworks;
			sourceTree = "<group>";
		};
		87ED7DDB26FD5AD70058CAE0 = {
			isa = PBXGroup;
			children = (
				87ED7DE626FD5AD70058CAE0 /* Flix */,
				87ED7E0226FD5AD80058CAE0 /* FlixTests */,
				87ED7E0C26FD5AD80058CAE0 /* FlixUITests */,
				87ED7DE526FD5AD70058CAE0 /* Products */,
				64E724F493CF58F2B8B9D1D6 /* Pods */,
				787697E5BD48EEE2F63D0C9E /* Frameworks */,
			);
			sourceTree = "<group>";
		};
		87ED7DE526FD5AD70058CAE0 /* Products */ = {
			isa = PBXGroup;
			children = (
				87ED7DE426FD5AD70058CAE0 /* Flix.app */,
				87ED7DFF26FD5AD80058CAE0 /* FlixTests.xctest */,
				87ED7E0926FD5AD80058CAE0 /* FlixUITests.xctest */,
			);
			name = Products;
			sourceTree = "<group>";
		};
		87ED7DE626FD5AD70058CAE0 /* Flix */ = {
			isa = PBXGroup;
			children = (
				87ED7DE726FD5AD70058CAE0 /* AppDelegate.h */,
				87ED7DE826FD5AD70058CAE0 /* AppDelegate.m */,
				87ED7DEA26FD5AD70058CAE0 /* SceneDelegate.h */,
				87ED7DEB26FD5AD70058CAE0 /* SceneDelegate.m */,
				87ED7DED26FD5AD70058CAE0 /* ViewController.h */,
				87ED7DEE26FD5AD70058CAE0 /* ViewController.m */,
				87ED7E2126FD5F9B0058CAE0 /* MoviesViewController.swift */,
				87ED7E2626FD726D0058CAE0 /* MovieCell.swift */,
				87ED7DF026FD5AD70058CAE0 /* Main.storyboard */,
				87ED7DF326FD5AD80058CAE0 /* Assets.xcassets */,
				87ED7DF526FD5AD80058CAE0 /* LaunchScreen.storyboard */,
				87ED7DF826FD5AD80058CAE0 /* Info.plist */,
				87ED7DF926FD5AD80058CAE0 /* main.m */,
				87ED7E1E26FD5F350058CAE0 /* Flix-Bridging-Header.h */,
			);
			path = Flix;
			sourceTree = "<group>";
		};
		87ED7E0226FD5AD80058CAE0 /* FlixTests */ = {
			isa = PBXGroup;
			children = (
				87ED7E0326FD5AD80058CAE0 /* FlixTests.m */,
			);
			path = FlixTests;
			sourceTree = "<group>";
		};
		87ED7E0C26FD5AD80058CAE0 /* FlixUITests */ = {
			isa = PBXGroup;
			children = (
				87ED7E0D26FD5AD80058CAE0 /* FlixUITests.m */,
				87ED7E0F26FD5AD80058CAE0 /* FlixUITestsLaunchTests.m */,
			);
			path = FlixUITests;
			sourceTree = "<group>";
		};
/* End PBXGroup section */

/* Begin PBXNativeTarget section */
		87ED7DE326FD5AD70058CAE0 /* Flix */ = {
			isa = PBXNativeTarget;
			buildConfigurationList = 87ED7E1326FD5AD80058CAE0 /* Build configuration list for PBXNativeTarget "Flix" */;
			buildPhases = (
				DEB4B4330443249EA439E7F1 /* [CP] Check Pods Manifest.lock */,
				87ED7DE026FD5AD70058CAE0 /* Sources */,
				87ED7DE126FD5AD70058CAE0 /* Frameworks */,
				87ED7DE226FD5AD70058CAE0 /* Resources */,
				DE5C749ABA85166D4B43C5C0 /* [CP] Embed Pods Frameworks */,
			);
			buildRules = (
			);
			dependencies = (
			);
			name = Flix;
			packageProductDependencies = (
				87ED7E2926FD77F60058CAE0 /* AlamofireImage */,
			);
			productName = Flix;
			productReference = 87ED7DE426FD5AD70058CAE0 /* Flix.app */;
			productType = "com.apple.product-type.application";
		};
		87ED7DFE26FD5AD80058CAE0 /* FlixTests */ = {
			isa = PBXNativeTarget;
			buildConfigurationList = 87ED7E1626FD5AD80058CAE0 /* Build configuration list for PBXNativeTarget "FlixTests" */;
			buildPhases = (
				1F778D6684CD7B9F02D96C1D /* [CP] Check Pods Manifest.lock */,
				87ED7DFB26FD5AD80058CAE0 /* Sources */,
				87ED7DFC26FD5AD80058CAE0 /* Frameworks */,
				87ED7DFD26FD5AD80058CAE0 /* Resources */,
			);
			buildRules = (
			);
			dependencies = (
				87ED7E0126FD5AD80058CAE0 /* PBXTargetDependency */,
			);
			name = FlixTests;
			productName = FlixTests;
			productReference = 87ED7DFF26FD5AD80058CAE0 /* FlixTests.xctest */;
			productType = "com.apple.product-type.bundle.unit-test";
		};
		87ED7E0826FD5AD80058CAE0 /* FlixUITests */ = {
			isa = PBXNativeTarget;
			buildConfigurationList = 87ED7E1926FD5AD80058CAE0 /* Build configuration list for PBXNativeTarget "FlixUITests" */;
			buildPhases = (
				2BB46E3417091D770048AE73 /* [CP] Check Pods Manifest.lock */,
				87ED7E0526FD5AD80058CAE0 /* Sources */,
				87ED7E0626FD5AD80058CAE0 /* Frameworks */,
				87ED7E0726FD5AD80058CAE0 /* Resources */,
				B66EE684F3AC2DF7B08AA5F2 /* [CP] Embed Pods Frameworks */,
			);
			buildRules = (
			);
			dependencies = (
				87ED7E0B26FD5AD80058CAE0 /* PBXTargetDependency */,
			);
			name = FlixUITests;
			productName = FlixUITests;
			productReference = 87ED7E0926FD5AD80058CAE0 /* FlixUITests.xctest */;
			productType = "com.apple.product-type.bundle.ui-testing";
		};
/* End PBXNativeTarget section */

/* Begin PBXProject section */
		87ED7DDC26FD5AD70058CAE0 /* Project object */ = {
			isa = PBXProject;
			attributes = {
				BuildIndependentTargetsInParallel = 1;
				LastUpgradeCheck = 1300;
				TargetAttributes = {
					87ED7DE326FD5AD70058CAE0 = {
						CreatedOnToolsVersion = 13.0;
						LastSwiftMigration = 1300;
					};
					87ED7DFE26FD5AD80058CAE0 = {
						CreatedOnToolsVersion = 13.0;
						TestTargetID = 87ED7DE326FD5AD70058CAE0;
					};
					87ED7E0826FD5AD80058CAE0 = {
						CreatedOnToolsVersion = 13.0;
						TestTargetID = 87ED7DE326FD5AD70058CAE0;
					};
				};
			};
			buildConfigurationList = 87ED7DDF26FD5AD70058CAE0 /* Build configuration list for PBXProject "Flix" */;
			compatibilityVersion = "Xcode 13.0";
			developmentRegion = en;
			hasScannedForEncodings = 0;
			knownRegions = (
				en,
				Base,
			);
			mainGroup = 87ED7DDB26FD5AD70058CAE0;
			packageReferences = (
				87ED7E2826FD77F50058CAE0 /* XCRemoteSwiftPackageReference "AlamofireImage" */,
			);
			productRefGroup = 87ED7DE526FD5AD70058CAE0 /* Products */;
			projectDirPath = "";
			projectRoot = "";
			targets = (
				87ED7DE326FD5AD70058CAE0 /* Flix */,
				87ED7DFE26FD5AD80058CAE0 /* FlixTests */,
				87ED7E0826FD5AD80058CAE0 /* FlixUITests */,
			);
		};
/* End PBXProject section */

/* Begin PBXResourcesBuildPhase section */
		87ED7DE226FD5AD70058CAE0 /* Resources */ = {
			isa = PBXResourcesBuildPhase;
			buildActionMask = 2147483647;
			files = (
				87ED7DF726FD5AD80058CAE0 /* LaunchScreen.storyboard in Resources */,
				87ED7DF426FD5AD80058CAE0 /* Assets.xcassets in Resources */,
				87ED7DF226FD5AD70058CAE0 /* Main.storyboard in Resources */,
			);
			runOnlyForDeploymentPostprocessing = 0;
		};
		87ED7DFD26FD5AD80058CAE0 /* Resources */ = {
			isa = PBXResourcesBuildPhase;
			buildActionMask = 2147483647;
			files = (
			);
			runOnlyForDeploymentPostprocessing = 0;
		};
		87ED7E0726FD5AD80058CAE0 /* Resources */ = {
			isa = PBXResourcesBuildPhase;
			buildActionMask = 2147483647;
			files = (
			);
			runOnlyForDeploymentPostprocessing = 0;
		};
/* End PBXResourcesBuildPhase section */

/* Begin PBXShellScriptBuildPhase section */
		1F778D6684CD7B9F02D96C1D /* [CP] Check Pods Manifest.lock */ = {
			isa = PBXShellScriptBuildPhase;
			buildActionMask = 2147483647;
			files = (
			);
			inputFileListPaths = (
			);
			inputPaths = (
				"${PODS_PODFILE_DIR_PATH}/Podfile.lock",
				"${PODS_ROOT}/Manifest.lock",
			);
			name = "[CP] Check Pods Manifest.lock";
			outputFileListPaths = (
			);
			outputPaths = (
				"$(DERIVED_FILE_DIR)/Pods-FlixTests-checkManifestLockResult.txt",
			);
			runOnlyForDeploymentPostprocessing = 0;
			shellPath = /bin/sh;
			shellScript = "diff \"${PODS_PODFILE_DIR_PATH}/Podfile.lock\" \"${PODS_ROOT}/Manifest.lock\" > /dev/null\nif [ $? != 0 ] ; then\n    # print error to STDERR\n    echo \"error: The sandbox is not in sync with the Podfile.lock. Run 'pod install' or update your CocoaPods installation.\" >&2\n    exit 1\nfi\n# This output is used by Xcode 'outputs' to avoid re-running this script phase.\necho \"SUCCESS\" > \"${SCRIPT_OUTPUT_FILE_0}\"\n";
			showEnvVarsInLog = 0;
		};
		2BB46E3417091D770048AE73 /* [CP] Check Pods Manifest.lock */ = {
			isa = PBXShellScriptBuildPhase;
			buildActionMask = 2147483647;
			files = (
			);
			inputFileListPaths = (
			);
			inputPaths = (
				"${PODS_PODFILE_DIR_PATH}/Podfile.lock",
				"${PODS_ROOT}/Manifest.lock",
			);
			name = "[CP] Check Pods Manifest.lock";
			outputFileListPaths = (
			);
			outputPaths = (
				"$(DERIVED_FILE_DIR)/Pods-Flix-FlixUITests-checkManifestLockResult.txt",
			);
			runOnlyForDeploymentPostprocessing = 0;
			shellPath = /bin/sh;
			shellScript = "diff \"${PODS_PODFILE_DIR_PATH}/Podfile.lock\" \"${PODS_ROOT}/Manifest.lock\" > /dev/null\nif [ $? != 0 ] ; then\n    # print error to STDERR\n    echo \"error: The sandbox is not in sync with the Podfile.lock. Run 'pod install' or update your CocoaPods installation.\" >&2\n    exit 1\nfi\n# This output is used by Xcode 'outputs' to avoid re-running this script phase.\necho \"SUCCESS\" > \"${SCRIPT_OUTPUT_FILE_0}\"\n";
			showEnvVarsInLog = 0;
		};
		B66EE684F3AC2DF7B08AA5F2 /* [CP] Embed Pods Frameworks */ = {
			isa = PBXShellScriptBuildPhase;
			buildActionMask = 2147483647;
			files = (
			);
			inputFileListPaths = (
				"${PODS_ROOT}/Target Support Files/Pods-Flix-FlixUITests/Pods-Flix-FlixUITests-frameworks-${CONFIGURATION}-input-files.xcfilelist",
			);
			name = "[CP] Embed Pods Frameworks";
			outputFileListPaths = (
				"${PODS_ROOT}/Target Support Files/Pods-Flix-FlixUITests/Pods-Flix-FlixUITests-frameworks-${CONFIGURATION}-output-files.xcfilelist",
			);
			runOnlyForDeploymentPostprocessing = 0;
			shellPath = /bin/sh;
			shellScript = "\"${PODS_ROOT}/Target Support Files/Pods-Flix-FlixUITests/Pods-Flix-FlixUITests-frameworks.sh\"\n";
			showEnvVarsInLog = 0;
		};
		DE5C749ABA85166D4B43C5C0 /* [CP] Embed Pods Frameworks */ = {
			isa = PBXShellScriptBuildPhase;
			buildActionMask = 2147483647;
			files = (
			);
			inputFileListPaths = (
				"${PODS_ROOT}/Target Support Files/Pods-Flix/Pods-Flix-frameworks-${CONFIGURATION}-input-files.xcfilelist",
			);
			name = "[CP] Embed Pods Frameworks";
			outputFileListPaths = (
				"${PODS_ROOT}/Target Support Files/Pods-Flix/Pods-Flix-frameworks-${CONFIGURATION}-output-files.xcfilelist",
			);
			runOnlyForDeploymentPostprocessing = 0;
			shellPath = /bin/sh;
			shellScript = "\"${PODS_ROOT}/Target Support Files/Pods-Flix/Pods-Flix-frameworks.sh\"\n";
			showEnvVarsInLog = 0;
		};
		DEB4B4330443249EA439E7F1 /* [CP] Check Pods Manifest.lock */ = {
			isa = PBXShellScriptBuildPhase;
			buildActionMask = 2147483647;
			files = (
			);
			inputFileListPaths = (
			);
			inputPaths = (
				"${PODS_PODFILE_DIR_PATH}/Podfile.lock",
				"${PODS_ROOT}/Manifest.lock",
			);
			name = "[CP] Check Pods Manifest.lock";
			outputFileListPaths = (
			);
			outputPaths = (
				"$(DERIVED_FILE_DIR)/Pods-Flix-checkManifestLockResult.txt",
			);
			runOnlyForDeploymentPostprocessing = 0;
			shellPath = /bin/sh;
			shellScript = "diff \"${PODS_PODFILE_DIR_PATH}/Podfile.lock\" \"${PODS_ROOT}/Manifest.lock\" > /dev/null\nif [ $? != 0 ] ; then\n    # print error to STDERR\n    echo \"error: The sandbox is not in sync with the Podfile.lock. Run 'pod install' or update your CocoaPods installation.\" >&2\n    exit 1\nfi\n# This output is used by Xcode 'outputs' to avoid re-running this script phase.\necho \"SUCCESS\" > \"${SCRIPT_OUTPUT_FILE_0}\"\n";
			showEnvVarsInLog = 0;
		};
/* End PBXShellScriptBuildPhase section */

/* Begin PBXSourcesBuildPhase section */
		87ED7DE026FD5AD70058CAE0 /* Sources */ = {
			isa = PBXSourcesBuildPhase;
			buildActionMask = 2147483647;
			files = (
				87ED7DEF26FD5AD70058CAE0 /* ViewController.m in Sources */,
				87ED7E2226FD5F9B0058CAE0 /* MoviesViewController.swift in Sources */,
				87ED7E2726FD726D0058CAE0 /* MovieCell.swift in Sources */,
				87ED7DE926FD5AD70058CAE0 /* AppDelegate.m in Sources */,
				87ED7E1D26FD5D000058CAE0 /* main.m in Sources */,
				87ED7DEC26FD5AD70058CAE0 /* SceneDelegate.m in Sources */,
			);
			runOnlyForDeploymentPostprocessing = 0;
		};
		87ED7DFB26FD5AD80058CAE0 /* Sources */ = {
			isa = PBXSourcesBuildPhase;
			buildActionMask = 2147483647;
			files = (
				87ED7E0426FD5AD80058CAE0 /* FlixTests.m in Sources */,
			);
			runOnlyForDeploymentPostprocessing = 0;
		};
		87ED7E0526FD5AD80058CAE0 /* Sources */ = {
			isa = PBXSourcesBuildPhase;
			buildActionMask = 2147483647;
			files = (
				87ED7E0E26FD5AD80058CAE0 /* FlixUITests.m in Sources */,
				87ED7E1026FD5AD80058CAE0 /* FlixUITestsLaunchTests.m in Sources */,
			);
			runOnlyForDeploymentPostprocessing = 0;
		};
/* End PBXSourcesBuildPhase section */

/* Begin PBXTargetDependency section */
		87ED7E0126FD5AD80058CAE0 /* PBXTargetDependency */ = {
			isa = PBXTargetDependency;
			target = 87ED7DE326FD5AD70058CAE0 /* Flix */;
			targetProxy = 87ED7E0026FD5AD80058CAE0 /* PBXContainerItemProxy */;
		};
		87ED7E0B26FD5AD80058CAE0 /* PBXTargetDependency */ = {
			isa = PBXTargetDependency;
			target = 87ED7DE326FD5AD70058CAE0 /* Flix */;
			targetProxy = 87ED7E0A26FD5AD80058CAE0 /* PBXContainerItemProxy */;
		};
/* End PBXTargetDependency section */

/* Begin PBXVariantGroup section */
		87ED7DF026FD5AD70058CAE0 /* Main.storyboard */ = {
			isa = PBXVariantGroup;
			children = (
				87ED7DF126FD5AD70058CAE0 /* Base */,
			);
			name = Main.storyboard;
			sourceTree = "<group>";
		};
		87ED7DF526FD5AD80058CAE0 /* LaunchScreen.storyboard */ = {
			isa = PBXVariantGroup;
			children = (
				87ED7DF626FD5AD80058CAE0 /* Base */,
			);
			name = LaunchScreen.storyboard;
			sourceTree = "<group>";
		};
/* End PBXVariantGroup section */

/* Begin XCBuildConfiguration section */
		87ED7E1126FD5AD80058CAE0 /* Debug */ = {
			isa = XCBuildConfiguration;
			buildSettings = {
				ALWAYS_SEARCH_USER_PATHS = NO;
				CLANG_ANALYZER_NONNULL = YES;
				CLANG_ANALYZER_NUMBER_OBJECT_CONVERSION = YES_AGGRESSIVE;
				CLANG_CXX_LANGUAGE_STANDARD = "gnu++17";
				CLANG_CXX_LIBRARY = "libc++";
				CLANG_ENABLE_MODULES = YES;
				CLANG_ENABLE_OBJC_ARC = YES;
				CLANG_ENABLE_OBJC_WEAK = YES;
				CLANG_WARN_BLOCK_CAPTURE_AUTORELEASING = YES;
				CLANG_WARN_BOOL_CONVERSION = YES;
				CLANG_WARN_COMMA = YES;
				CLANG_WARN_CONSTANT_CONVERSION = YES;
				CLANG_WARN_DEPRECATED_OBJC_IMPLEMENTATIONS = YES;
				CLANG_WARN_DIRECT_OBJC_ISA_USAGE = YES_ERROR;
				CLANG_WARN_DOCUMENTATION_COMMENTS = YES;
				CLANG_WARN_EMPTY_BODY = YES;
				CLANG_WARN_ENUM_CONVERSION = YES;
				CLANG_WARN_INFINITE_RECURSION = YES;
				CLANG_WARN_INT_CONVERSION = YES;
				CLANG_WARN_NON_LITERAL_NULL_CONVERSION = YES;
				CLANG_WARN_OBJC_IMPLICIT_RETAIN_SELF = YES;
				CLANG_WARN_OBJC_LITERAL_CONVERSION = YES;
				CLANG_WARN_OBJC_ROOT_CLASS = YES_ERROR;
				CLANG_WARN_QUOTED_INCLUDE_IN_FRAMEWORK_HEADER = YES;
				CLANG_WARN_RANGE_LOOP_ANALYSIS = YES;
				CLANG_WARN_STRICT_PROTOTYPES = YES;
				CLANG_WARN_SUSPICIOUS_MOVE = YES;
				CLANG_WARN_UNGUARDED_AVAILABILITY = YES_AGGRESSIVE;
				CLANG_WARN_UNREACHABLE_CODE = YES;
				CLANG_WARN__DUPLICATE_METHOD_MATCH = YES;
				COPY_PHASE_STRIP = NO;
				DEBUG_INFORMATION_FORMAT = dwarf;
				ENABLE_STRICT_OBJC_MSGSEND = YES;
				ENABLE_TESTABILITY = YES;
				GCC_C_LANGUAGE_STANDARD = gnu11;
				GCC_DYNAMIC_NO_PIC = NO;
				GCC_NO_COMMON_BLOCKS = YES;
				GCC_OPTIMIZATION_LEVEL = 0;
				GCC_PREPROCESSOR_DEFINITIONS = (
					"DEBUG=1",
					"$(inherited)",
				);
				GCC_WARN_64_TO_32_BIT_CONVERSION = YES;
				GCC_WARN_ABOUT_RETURN_TYPE = YES_ERROR;
				GCC_WARN_UNDECLARED_SELECTOR = YES;
				GCC_WARN_UNINITIALIZED_AUTOS = YES_AGGRESSIVE;
				GCC_WARN_UNUSED_FUNCTION = YES;
				GCC_WARN_UNUSED_VARIABLE = YES;
				IPHONEOS_DEPLOYMENT_TARGET = 15.0;
				MTL_ENABLE_DEBUG_INFO = INCLUDE_SOURCE;
				MTL_FAST_MATH = YES;
				ONLY_ACTIVE_ARCH = YES;
				SDKROOT = iphoneos;
			};
			name = Debug;
		};
		87ED7E1226FD5AD80058CAE0 /* Release */ = {
			isa = XCBuildConfiguration;
			buildSettings = {
				ALWAYS_SEARCH_USER_PATHS = NO;
				CLANG_ANALYZER_NONNULL = YES;
				CLANG_ANALYZER_NUMBER_OBJECT_CONVERSION = YES_AGGRESSIVE;
				CLANG_CXX_LANGUAGE_STANDARD = "gnu++17";
				CLANG_CXX_LIBRARY = "libc++";
				CLANG_ENABLE_MODULES = YES;
				CLANG_ENABLE_OBJC_ARC = YES;
				CLANG_ENABLE_OBJC_WEAK = YES;
				CLANG_WARN_BLOCK_CAPTURE_AUTORELEASING = YES;
				CLANG_WARN_BOOL_CONVERSION = YES;
				CLANG_WARN_COMMA = YES;
				CLANG_WARN_CONSTANT_CONVERSION = YES;
				CLANG_WARN_DEPRECATED_OBJC_IMPLEMENTATIONS = YES;
				CLANG_WARN_DIRECT_OBJC_ISA_USAGE = YES_ERROR;
				CLANG_WARN_DOCUMENTATION_COMMENTS = YES;
				CLANG_WARN_EMPTY_BODY = YES;
				CLANG_WARN_ENUM_CONVERSION = YES;
				CLANG_WARN_INFINITE_RECURSION = YES;
				CLANG_WARN_INT_CONVERSION = YES;
				CLANG_WARN_NON_LITERAL_NULL_CONVERSION = YES;
				CLANG_WARN_OBJC_IMPLICIT_RETAIN_SELF = YES;
				CLANG_WARN_OBJC_LITERAL_CONVERSION = YES;
				CLANG_WARN_OBJC_ROOT_CLASS = YES_ERROR;
				CLANG_WARN_QUOTED_INCLUDE_IN_FRAMEWORK_HEADER = YES;
				CLANG_WARN_RANGE_LOOP_ANALYSIS = YES;
				CLANG_WARN_STRICT_PROTOTYPES = YES;
				CLANG_WARN_SUSPICIOUS_MOVE = YES;
				CLANG_WARN_UNGUARDED_AVAILABILITY = YES_AGGRESSIVE;
				CLANG_WARN_UNREACHABLE_CODE = YES;
				CLANG_WARN__DUPLICATE_METHOD_MATCH = YES;
				COPY_PHASE_STRIP = NO;
				DEBUG_INFORMATION_FORMAT = "dwarf-with-dsym";
				ENABLE_NS_ASSERTIONS = NO;
				ENABLE_STRICT_OBJC_MSGSEND = YES;
				GCC_C_LANGUAGE_STANDARD = gnu11;
				GCC_NO_COMMON_BLOCKS = YES;
				GCC_WARN_64_TO_32_BIT_CONVERSION = YES;
				GCC_WARN_ABOUT_RETURN_TYPE = YES_ERROR;
				GCC_WARN_UNDECLARED_SELECTOR = YES;
				GCC_WARN_UNINITIALIZED_AUTOS = YES_AGGRESSIVE;
				GCC_WARN_UNUSED_FUNCTION = YES;
				GCC_WARN_UNUSED_VARIABLE = YES;
				IPHONEOS_DEPLOYMENT_TARGET = 15.0;
				MTL_ENABLE_DEBUG_INFO = NO;
				MTL_FAST_MATH = YES;
				SDKROOT = iphoneos;
				VALIDATE_PRODUCT = YES;
			};
			name = Release;
		};
		87ED7E1426FD5AD80058CAE0 /* Debug */ = {
			isa = XCBuildConfiguration;
			baseConfigurationReference = E75A5D2E8FB71C665D25DDD1 /* Pods-Flix.debug.xcconfig */;
			buildSettings = {
				ASSETCATALOG_COMPILER_APPICON_NAME = AppIcon;
				ASSETCATALOG_COMPILER_GLOBAL_ACCENT_COLOR_NAME = AccentColor;
				CLANG_ENABLE_MODULES = YES;
				CODE_SIGN_STYLE = Automatic;
				CURRENT_PROJECT_VERSION = 1;
				DEVELOPMENT_TEAM = CB5PWX554V;
				GENERATE_INFOPLIST_FILE = YES;
				INFOPLIST_FILE = Flix/Info.plist;
				INFOPLIST_KEY_UIApplicationSupportsIndirectInputEvents = YES;
				INFOPLIST_KEY_UILaunchStoryboardName = LaunchScreen;
				INFOPLIST_KEY_UIMainStoryboardFile = Main;
				INFOPLIST_KEY_UISupportedInterfaceOrientations_iPad = "UIInterfaceOrientationPortrait UIInterfaceOrientationPortraitUpsideDown UIInterfaceOrientationLandscapeLeft UIInterfaceOrientationLandscapeRight";
				INFOPLIST_KEY_UISupportedInterfaceOrientations_iPhone = "UIInterfaceOrientationPortrait UIInterfaceOrientationLandscapeLeft UIInterfaceOrientationLandscapeRight";
				LD_RUNPATH_SEARCH_PATHS = (
					"$(inherited)",
					"@executable_path/Frameworks",
				);
				MARKETING_VERSION = 1.0;
				PRODUCT_BUNDLE_IDENTIFIER = com.essaar.Flix;
				PRODUCT_NAME = "$(TARGET_NAME)";
				SWIFT_EMIT_LOC_STRINGS = YES;
				SWIFT_OBJC_BRIDGING_HEADER = "Flix/Flix-Bridging-Header.h";
				SWIFT_OPTIMIZATION_LEVEL = "-Onone";
				SWIFT_VERSION = 5.0;
				TARGETED_DEVICE_FAMILY = "1,2";
			};
			name = Debug;
		};
		87ED7E1526FD5AD80058CAE0 /* Release */ = {
			isa = XCBuildConfiguration;
			baseConfigurationReference = 2E9E88E7C0123DC05F07F445 /* Pods-Flix.release.xcconfig */;
			buildSettings = {
				ASSETCATALOG_COMPILER_APPICON_NAME = AppIcon;
				ASSETCATALOG_COMPILER_GLOBAL_ACCENT_COLOR_NAME = AccentColor;
				CLANG_ENABLE_MODULES = YES;
				CODE_SIGN_STYLE = Automatic;
				CURRENT_PROJECT_VERSION = 1;
				DEVELOPMENT_TEAM = CB5PWX554V;
				GENERATE_INFOPLIST_FILE = YES;
				INFOPLIST_FILE = Flix/Info.plist;
				INFOPLIST_KEY_UIApplicationSupportsIndirectInputEvents = YES;
				INFOPLIST_KEY_UILaunchStoryboardName = LaunchScreen;
				INFOPLIST_KEY_UIMainStoryboardFile = Main;
				INFOPLIST_KEY_UISupportedInterfaceOrientations_iPad = "UIInterfaceOrientationPortrait UIInterfaceOrientationPortraitUpsideDown UIInterfaceOrientationLandscapeLeft UIInterfaceOrientationLandscapeRight";
				INFOPLIST_KEY_UISupportedInterfaceOrientations_iPhone = "UIInterfaceOrientationPortrait UIInterfaceOrientationLandscapeLeft UIInterfaceOrientationLandscapeRight";
				LD_RUNPATH_SEARCH_PATHS = (
					"$(inherited)",
					"@executable_path/Frameworks",
				);
				MARKETING_VERSION = 1.0;
				PRODUCT_BUNDLE_IDENTIFIER = com.essaar.Flix;
				PRODUCT_NAME = "$(TARGET_NAME)";
				SWIFT_EMIT_LOC_STRINGS = YES;
				SWIFT_OBJC_BRIDGING_HEADER = "Flix/Flix-Bridging-Header.h";
				SWIFT_VERSION = 5.0;
				TARGETED_DEVICE_FAMILY = "1,2";
			};
			name = Release;
		};
		87ED7E1726FD5AD80058CAE0 /* Debug */ = {
			isa = XCBuildConfiguration;
			baseConfigurationReference = C04F44EF46528A0C2CD90B76 /* Pods-FlixTests.debug.xcconfig */;
			buildSettings = {
				ALWAYS_EMBED_SWIFT_STANDARD_LIBRARIES = YES;
				BUNDLE_LOADER = "$(TEST_HOST)";
				CODE_SIGN_STYLE = Automatic;
				CURRENT_PROJECT_VERSION = 1;
				DEVELOPMENT_TEAM = CB5PWX554V;
				GENERATE_INFOPLIST_FILE = YES;
				IPHONEOS_DEPLOYMENT_TARGET = 15.0;
				LD_RUNPATH_SEARCH_PATHS = (
					"$(inherited)",
					"@executable_path/Frameworks",
					"@loader_path/Frameworks",
				);
				MARKETING_VERSION = 1.0;
				PRODUCT_BUNDLE_IDENTIFIER = com.essaar.FlixTests;
				PRODUCT_NAME = "$(TARGET_NAME)";
				SWIFT_EMIT_LOC_STRINGS = NO;
				TARGETED_DEVICE_FAMILY = "1,2";
				TEST_HOST = "$(BUILT_PRODUCTS_DIR)/Flix.app/Flix";
			};
			name = Debug;
		};
		87ED7E1826FD5AD80058CAE0 /* Release */ = {
			isa = XCBuildConfiguration;
			baseConfigurationReference = E21CD21873F51EA605ACE6F4 /* Pods-FlixTests.release.xcconfig */;
			buildSettings = {
				ALWAYS_EMBED_SWIFT_STANDARD_LIBRARIES = YES;
				BUNDLE_LOADER = "$(TEST_HOST)";
				CODE_SIGN_STYLE = Automatic;
				CURRENT_PROJECT_VERSION = 1;
				DEVELOPMENT_TEAM = CB5PWX554V;
				GENERATE_INFOPLIST_FILE = YES;
				IPHONEOS_DEPLOYMENT_TARGET = 15.0;
				LD_RUNPATH_SEARCH_PATHS = (
					"$(inherited)",
					"@executable_path/Frameworks",
					"@loader_path/Frameworks",
				);
				MARKETING_VERSION = 1.0;
				PRODUCT_BUNDLE_IDENTIFIER = com.essaar.FlixTests;
				PRODUCT_NAME = "$(TARGET_NAME)";
				SWIFT_EMIT_LOC_STRINGS = NO;
				TARGETED_DEVICE_FAMILY = "1,2";
				TEST_HOST = "$(BUILT_PRODUCTS_DIR)/Flix.app/Flix";
			};
			name = Release;
		};
		87ED7E1A26FD5AD80058CAE0 /* Debug */ = {
			isa = XCBuildConfiguration;
			baseConfigurationReference = A06AACC66A16107D4A516C29 /* Pods-Flix-FlixUITests.debug.xcconfig */;
			buildSettings = {
				ALWAYS_EMBED_SWIFT_STANDARD_LIBRARIES = YES;
				CODE_SIGN_STYLE = Automatic;
				CURRENT_PROJECT_VERSION = 1;
				DEVELOPMENT_TEAM = CB5PWX554V;
				GENERATE_INFOPLIST_FILE = YES;
				LD_RUNPATH_SEARCH_PATHS = (
					"$(inherited)",
					"@executable_path/Frameworks",
					"@loader_path/Frameworks",
				);
				MARKETING_VERSION = 1.0;
				PRODUCT_BUNDLE_IDENTIFIER = com.essaar.FlixUITests;
				PRODUCT_NAME = "$(TARGET_NAME)";
				SWIFT_EMIT_LOC_STRINGS = NO;
				TARGETED_DEVICE_FAMILY = "1,2";
				TEST_TARGET_NAME = Flix;
			};
			name = Debug;
		};
		87ED7E1B26FD5AD80058CAE0 /* Release */ = {
			isa = XCBuildConfiguration;
			baseConfigurationReference = E136DD4F753DBCD1414D3B11 /* Pods-Flix-FlixUITests.release.xcconfig */;
			buildSettings = {
				ALWAYS_EMBED_SWIFT_STANDARD_LIBRARIES = YES;
				CODE_SIGN_STYLE = Automatic;
				CURRENT_PROJECT_VERSION = 1;
				DEVELOPMENT_TEAM = CB5PWX554V;
				GENERATE_INFOPLIST_FILE = YES;
				LD_RUNPATH_SEARCH_PATHS = (
					"$(inherited)",
					"@executable_path/Frameworks",
					"@loader_path/Frameworks",
				);
				MARKETING_VERSION = 1.0;
				PRODUCT_BUNDLE_IDENTIFIER = com.essaar.FlixUITests;
				PRODUCT_NAME = "$(TARGET_NAME)";
				SWIFT_EMIT_LOC_STRINGS = NO;
				TARGETED_DEVICE_FAMILY = "1,2";
				TEST_TARGET_NAME = Flix;
			};
			name = Release;
		};
/* End XCBuildConfiguration section */

/* Begin XCConfigurationList section */
		87ED7DDF26FD5AD70058CAE0 /* Build configuration list for PBXProject "Flix" */ = {
			isa = XCConfigurationList;
			buildConfigurations = (
				87ED7E1126FD5AD80058CAE0 /* Debug */,
				87ED7E1226FD5AD80058CAE0 /* Release */,
			);
			defaultConfigurationIsVisible = 0;
			defaultConfigurationName = Release;
		};
		87ED7E1326FD5AD80058CAE0 /* Build configuration list for PBXNativeTarget "Flix" */ = {
			isa = XCConfigurationList;
			buildConfigurations = (
				87ED7E1426FD5AD80058CAE0 /* Debug */,
				87ED7E1526FD5AD80058CAE0 /* Release */,
			);
			defaultConfigurationIsVisible = 0;
			defaultConfigurationName = Release;
		};
		87ED7E1626FD5AD80058CAE0 /* Build configuration list for PBXNativeTarget "FlixTests" */ = {
			isa = XCConfigurationList;
			buildConfigurations = (
				87ED7E1726FD5AD80058CAE0 /* Debug */,
				87ED7E1826FD5AD80058CAE0 /* Release */,
			);
			defaultConfigurationIsVisible = 0;
			defaultConfigurationName = Release;
		};
		87ED7E1926FD5AD80058CAE0 /* Build configuration list for PBXNativeTarget "FlixUITests" */ = {
			isa = XCConfigurationList;
			buildConfigurations = (
				87ED7E1A26FD5AD80058CAE0 /* Debug */,
				87ED7E1B26FD5AD80058CAE0 /* Release */,
			);
			defaultConfigurationIsVisible = 0;
			defaultConfigurationName = Release;
		};
/* End XCConfigurationList section */

/* Begin XCRemoteSwiftPackageReference section */
		87ED7E2826FD77F50058CAE0 /* XCRemoteSwiftPackageReference "AlamofireImage" */ = {
			isa = XCRemoteSwiftPackageReference;
			repositoryURL = "https://github.com/Alamofire/AlamofireImage";
			requirement = {
				kind = upToNextMajorVersion;
				minimumVersion = 4.0.0;
			};
		};
/* End XCRemoteSwiftPackageReference section */

/* Begin XCSwiftPackageProductDependency section */
		87ED7E2926FD77F60058CAE0 /* AlamofireImage */ = {
			isa = XCSwiftPackageProductDependency;
			package = 87ED7E2826FD77F50058CAE0 /* XCRemoteSwiftPackageReference "AlamofireImage" */;
			productName = AlamofireImage;
		};
/* End XCSwiftPackageProductDependency section */
	};
	rootObject = 87ED7DDC26FD5AD70058CAE0 /* Project object */;
}
